{
  "requires": true,
  "lockfileVersion": 1,
  "dependencies": {
    "@binance/connector": {
      "version": "1.5.0",
      "resolved": "https://registry.npmjs.org/@binance/connector/-/connector-1.5.0.tgz",
      "integrity": "sha512-t2ulDEojPR+Uv2X1a7Yub/+GjxeRjvw7ETJlvVWqtI+liDkGtpKPuiuhb4kVLXJG2jqj6++fLmUa5tP9xd9DGw==",
      "requires": {
        "axios": "^0.21.4",
        "ws": "^7.5.0"
      }
    },
    "axios": {
      "version": "0.21.4",
      "resolved": "https://registry.npmjs.org/axios/-/axios-0.21.4.tgz",
      "integrity": "sha512-ut5vewkiu8jjGBdqpM44XxjuCjq9LAKeHVmoVfHVzy8eHgxxq8SbAVQNovDA8mVi05kP0Ea/n/UzcSHcTJQfNg==",
      "requires": {
        "follow-redirects": "^1.14.0"
      }
    },
    "follow-redirects": {
      "version": "1.14.5",
      "resolved": "https://registry.npmjs.org/follow-redirects/-/follow-redirects-1.14.5.tgz",
      "integrity": "sha512-wtphSXy7d4/OR+MvIFbCVBDzZ5520qV8XfPklSN5QtxuMUJZ+b0Wnst1e1lCDocfzuCkHqj8k0FpZqO+UIaKNA=="
    },
    "ws": {
      "version": "7.5.6",
      "resolved": "https://registry.npmjs.org/ws/-/ws-7.5.6.tgz",
      "integrity": "sha512-6GLgCqo2cy2A2rjCNFlxQS6ZljG/coZfZXclldI8FB/1G3CCI36Zd8xy2HrFVACi8tfk5XrgLQEk+P0Tnz9UcA=="
    }
  }
}
